
Microsoft Visual Studio Solution File, Format Version 12.00
# Visual Studio Version 17
VisualStudioVersion = 17.0.31903.59
MinimumVisualStudioVersion = 10.0.40219.1
Project("{9A19103F-16F7-4668-BE54-9A1E7A4F7556}") = "Ahoy.Proto.MessagePack", "Ahoy.Proto.MessagePack\Ahoy.Proto.MessagePack.csproj", "{5ED7137D-BAE7-4BE8-B8B6-151E54755973}"
EndProject
Project("{9A19103F-16F7-4668-BE54-9A1E7A4F7556}") = "Ahoy.MessagePack.NewtonsoftJson", "Ahoy.MessagePack.NewtonsoftJson\Ahoy.MessagePack.NewtonsoftJson.csproj", "{0C877B7A-770E-48FF-8E88-F40149E8FEB3}"
EndProject
Project("{9A19103F-16F7-4668-BE54-9A1E7A4F7556}") = "Ahoy.MessagePack.Protobuf", "Ahoy.MessagePack.Protobuf\Ahoy.MessagePack.Protobuf.csproj", "{3ED1DE3A-EAB6-4662-BFC5-384F8FCE6AC6}"
EndProject
Project("{9A19103F-16F7-4668-BE54-9A1E7A4F7556}") = "Ahoy.MessagePack.SystemJson", "Ahoy.MessagePack.SystemJson\Ahoy.MessagePack.SystemJson.csproj", "{29A720BD-D66C-4088-AF0F-91FFADAF990B}"
EndProject
Project("{9A19103F-16F7-4668-BE54-9A1E7A4F7556}") = "Ahoy.MessagePack.Thrift", "Ahoy.MessagePack.Thrift\Ahoy.MessagePack.Thrift.csproj", "{225A10D1-49C1-4139-A451-FDA47171E4E2}"
EndProject
Project("{9A19103F-16F7-4668-BE54-9A1E7A4F7556}") = "Ahoy.MessagePack.Thrift.Test", "Ahoy.MessagePack.Thrift.Test\Ahoy.MessagePack.Thrift.Test.csproj", "{8161A680-2519-42B9-8E34-631724B310F4}"
EndProject
Project("{9A19103F-16F7-4668-BE54-9A1E7A4F7556}") = "Ahoy.Proto.MessagePack.Test", "Ahoy.Proto.MessagePack.Test\Ahoy.Proto.MessagePack.Test.csproj", "{EE2FC539-1DB1-4EE7-A6BF-0BD2E170D51C}"
EndProject
Global
	GlobalSection(SolutionConfigurationPlatforms) = preSolution
		Debug|Any CPU = Debug|Any CPU
		Release|Any CPU = Release|Any CPU
	EndGlobalSection
	GlobalSection(ProjectConfigurationPlatforms) = postSolution
		{5ED7137D-BAE7-4BE8-B8B6-151E54755973}.Debug|Any CPU.ActiveCfg = Debug|Any CPU
		{5ED7137D-BAE7-4BE8-B8B6-151E54755973}.Debug|Any CPU.Build.0 = Debug|Any CPU
		{5ED7137D-BAE7-4BE8-B8B6-151E54755973}.Release|Any CPU.ActiveCfg = Release|Any CPU
		{5ED7137D-BAE7-4BE8-B8B6-151E54755973}.Release|Any CPU.Build.0 = Release|Any CPU
		{0C877B7A-770E-48FF-8E88-F40149E8FEB3}.Debug|Any CPU.ActiveCfg = Debug|Any CPU
		{0C877B7A-770E-48FF-8E88-F40149E8FEB3}.Debug|Any CPU.Build.0 = Debug|Any CPU
		{0C877B7A-770E-48FF-8E88-F40149E8FEB3}.Release|Any CPU.ActiveCfg = Release|Any CPU
		{0C877B7A-770E-48FF-8E88-F40149E8FEB3}.Release|Any CPU.Build.0 = Release|Any CPU
		{3ED1DE3A-EAB6-4662-BFC5-384F8FCE6AC6}.Debug|Any CPU.ActiveCfg = Debug|Any CPU
		{3ED1DE3A-EAB6-4662-BFC5-384F8FCE6AC6}.Debug|Any CPU.Build.0 = Debug|Any CPU
		{3ED1DE3A-EAB6-4662-BFC5-384F8FCE6AC6}.Release|Any CPU.ActiveCfg = Release|Any CPU
		{3ED1DE3A-EAB6-4662-BFC5-384F8FCE6AC6}.Release|Any CPU.Build.0 = Release|Any CPU
		{29A720BD-D66C-4088-AF0F-91FFADAF990B}.Debug|Any CPU.ActiveCfg = Debug|Any CPU
		{29A720BD-D66C-4088-AF0F-91FFADAF990B}.Debug|Any CPU.Build.0 = Debug|Any CPU
		{29A720BD-D66C-4088-AF0F-91FFADAF990B}.Release|Any CPU.ActiveCfg = Release|Any CPU
		{29A720BD-D66C-4088-AF0F-91FFADAF990B}.Release|Any CPU.Build.0 = Release|Any CPU
		{225A10D1-49C1-4139-A451-FDA47171E4E2}.Debug|Any CPU.ActiveCfg = Debug|Any CPU
		{225A10D1-49C1-4139-A451-FDA47171E4E2}.Debug|Any CPU.Build.0 = Debug|Any CPU
		{225A10D1-49C1-4139-A451-FDA47171E4E2}.Release|Any CPU.ActiveCfg = Release|Any CPU
		{225A10D1-49C1-4139-A451-FDA47171E4E2}.Release|Any CPU.Build.0 = Release|Any CPU
		{8161A680-2519-42B9-8E34-631724B310F4}.Debug|Any CPU.ActiveCfg = Debug|Any CPU
		{8161A680-2519-42B9-8E34-631724B310F4}.Debug|Any CPU.Build.0 = Debug|Any CPU
		{8161A680-2519-42B9-8E34-631724B310F4}.Release|Any CPU.ActiveCfg = Release|Any CPU
		{8161A680-2519-42B9-8E34-631724B310F4}.Release|Any CPU.Build.0 = Release|Any CPU
		{EE2FC539-1DB1-4EE7-A6BF-0BD2E170D51C}.Debug|Any CPU.ActiveCfg = Debug|Any CPU
		{EE2FC539-1DB1-4EE7-A6BF-0BD2E170D51C}.Debug|Any CPU.Build.0 = Debug|Any CPU
		{EE2FC539-1DB1-4EE7-A6BF-0BD2E170D51C}.Release|Any CPU.ActiveCfg = Release|Any CPU
		{EE2FC539-1DB1-4EE7-A6BF-0BD2E170D51C}.Release|Any CPU.Build.0 = Release|Any CPU
	EndGlobalSection
	GlobalSection(SolutionProperties) = preSolution
		HideSolutionNode = FALSE
	EndGlobalSection
	GlobalSection(ExtensibilityGlobals) = postSolution
		SolutionGuid = {6EAC834C-67A8-4BF4-A5D8-DBF90721BCB7}
	EndGlobalSection
EndGlobal
